// !$*UTF8*$!
{
	archiveVersion = 1;
	classes = {
	};
	objectVersion = 56;
	objects = {

/* Begin PBXBuildFile section */
		7E7597B229BC7CE000DD8F47 /* CreateNewPostView.swift in Sources */ = {isa = PBXBuildFile; fileRef = 7E7597B129BC7CE000DD8F47 /* CreateNewPostView.swift */; };
		7E7597B429BC7D8200DD8F47 /* PostModel.swift in Sources */ = {isa = PBXBuildFile; fileRef = 7E7597B329BC7D8200DD8F47 /* PostModel.swift */; };
		7E7597B629BCA62F00DD8F47 /* PostsView.swift in Sources */ = {isa = PBXBuildFile; fileRef = 7E7597B529BCA62F00DD8F47 /* PostsView.swift */; };
		7E79263429BB2C2D00BAF4A2 /* LoadingView.swift in Sources */ = {isa = PBXBuildFile; fileRef = 7E79263329BB2C2D00BAF4A2 /* LoadingView.swift */; };
		7EB5D76C29BA13EA0071C61B /* SocialMediaApp.swift in Sources */ = {isa = PBXBuildFile; fileRef = 7EB5D76B29BA13EA0071C61B /* SocialMediaApp.swift */; };
		7EB5D76E29BA13EA0071C61B /* ContentView.swift in Sources */ = {isa = PBXBuildFile; fileRef = 7EB5D76D29BA13EA0071C61B /* ContentView.swift */; };
		7EB5D77029BA13EC0071C61B /* Assets.xcassets in Resources */ = {isa = PBXBuildFile; fileRef = 7EB5D76F29BA13EC0071C61B /* Assets.xcassets */; };
		7EB5D77329BA13EC0071C61B /* Preview Assets.xcassets in Resources */ = {isa = PBXBuildFile; fileRef = 7EB5D77229BA13EC0071C61B /* Preview Assets.xcassets */; };
		7EB5D77A29BA1F580071C61B /* GoogleService-Info.plist in Resources */ = {isa = PBXBuildFile; fileRef = 7EB5D77929BA1F580071C61B /* GoogleService-Info.plist */; };
		7EB5D77D29BA21480071C61B /* FirebaseAuth in Frameworks */ = {isa = PBXBuildFile; productRef = 7EB5D77C29BA21480071C61B /* FirebaseAuth */; };
		7EB5D78129BA21A90071C61B /* LoginView.swift in Sources */ = {isa = PBXBuildFile; fileRef = 7EB5D78029BA21A90071C61B /* LoginView.swift */; };
		7EB5D78329BA6E0F0071C61B /* RegisterView.swift in Sources */ = {isa = PBXBuildFile; fileRef = 7EB5D78229BA6E0F0071C61B /* RegisterView.swift */; };
		7EB5D78629BA70490071C61B /* Extensions.swift in Sources */ = {isa = PBXBuildFile; fileRef = 7EB5D78529BA70490071C61B /* Extensions.swift */; };
		7EB5D78929BA8B740071C61B /* FirebaseFirestore in Frameworks */ = {isa = PBXBuildFile; productRef = 7EB5D78829BA8B740071C61B /* FirebaseFirestore */; };
		7EB5D78B29BA8B740071C61B /* FirebaseFirestoreSwift in Frameworks */ = {isa = PBXBuildFile; productRef = 7EB5D78A29BA8B740071C61B /* FirebaseFirestoreSwift */; };
		7EB5D78D29BA8B740071C61B /* FirebaseStorage in Frameworks */ = {isa = PBXBuildFile; productRef = 7EB5D78C29BA8B740071C61B /* FirebaseStorage */; };
		7EB5D78F29BA8F870071C61B /* UserModel.swift in Sources */ = {isa = PBXBuildFile; fileRef = 7EB5D78E29BA8F870071C61B /* UserModel.swift */; };
		7EC1A99329BB7CEC00B8734F /* HomeView.swift in Sources */ = {isa = PBXBuildFile; fileRef = 7EC1A99229BB7CEC00B8734F /* HomeView.swift */; };
		7EC1A99529BB9BFE00B8734F /* ProfileView.swift in Sources */ = {isa = PBXBuildFile; fileRef = 7EC1A99429BB9BFE00B8734F /* ProfileView.swift */; };
		7EC1A99729BBBCD800B8734F /* ProfileContentView.swift in Sources */ = {isa = PBXBuildFile; fileRef = 7EC1A99629BBBCD800B8734F /* ProfileContentView.swift */; };
		7EC1A99A29BBBF5B00B8734F /* SDWebImageSwiftUI in Frameworks */ = {isa = PBXBuildFile; productRef = 7EC1A99929BBBF5B00B8734F /* SDWebImageSwiftUI */; };
/* End PBXBuildFile section */

/* Begin PBXFileReference section */
		7E7597B129BC7CE000DD8F47 /* CreateNewPostView.swift */ = {isa = PBXFileReference; lastKnownFileType = sourcecode.swift; path = CreateNewPostView.swift; sourceTree = "<group>"; };
		7E7597B329BC7D8200DD8F47 /* PostModel.swift */ = {isa = PBXFileReference; lastKnownFileType = sourcecode.swift; path = PostModel.swift; sourceTree = "<group>"; };
		7E7597B529BCA62F00DD8F47 /* PostsView.swift */ = {isa = PBXFileReference; lastKnownFileType = sourcecode.swift; path = PostsView.swift; sourceTree = "<group>"; };
		7E79263329BB2C2D00BAF4A2 /* LoadingView.swift */ = {isa = PBXFileReference; lastKnownFileType = sourcecode.swift; path = LoadingView.swift; sourceTree = "<group>"; };
		7EB5D76829BA13EA0071C61B /* SocialMedia.app */ = {isa = PBXFileReference; explicitFileType = wrapper.application; includeInIndex = 0; path = SocialMedia.app; sourceTree = BUILT_PRODUCTS_DIR; };
		7EB5D76B29BA13EA0071C61B /* SocialMediaApp.swift */ = {isa = PBXFileReference; lastKnownFileType = sourcecode.swift; path = SocialMediaApp.swift; sourceTree = "<group>"; };
		7EB5D76D29BA13EA0071C61B /* ContentView.swift */ = {isa = PBXFileReference; lastKnownFileType = sourcecode.swift; path = ContentView.swift; sourceTree = "<group>"; };
		7EB5D76F29BA13EC0071C61B /* Assets.xcassets */ = {isa = PBXFileReference; lastKnownFileType = folder.assetcatalog; path = Assets.xcassets; sourceTree = "<group>"; };
		7EB5D77229BA13EC0071C61B /* Preview Assets.xcassets */ = {isa = PBXFileReference; lastKnownFileType = folder.assetcatalog; path = "Preview Assets.xcassets"; sourceTree = "<group>"; };
		7EB5D77929BA1F580071C61B /* GoogleService-Info.plist */ = {isa = PBXFileReference; fileEncoding = 4; lastKnownFileType = text.plist.xml; path = "GoogleService-Info.plist"; sourceTree = "<group>"; };
		7EB5D78029BA21A90071C61B /* LoginView.swift */ = {isa = PBXFileReference; lastKnownFileType = sourcecode.swift; path = LoginView.swift; sourceTree = "<group>"; };
		7EB5D78229BA6E0F0071C61B /* RegisterView.swift */ = {isa = PBXFileReference; lastKnownFileType = sourcecode.swift; path = RegisterView.swift; sourceTree = "<group>"; };
		7EB5D78529BA70490071C61B /* Extensions.swift */ = {isa = PBXFileReference; lastKnownFileType = sourcecode.swift; path = Extensions.swift; sourceTree = "<group>"; };
		7EB5D78E29BA8F870071C61B /* UserModel.swift */ = {isa = PBXFileReference; lastKnownFileType = sourcecode.swift; path = UserModel.swift; sourceTree = "<group>"; };
		7EC1A99229BB7CEC00B8734F /* HomeView.swift */ = {isa = PBXFileReference; lastKnownFileType = sourcecode.swift; path = HomeView.swift; sourceTree = "<group>"; };
		7EC1A99429BB9BFE00B8734F /* ProfileView.swift */ = {isa = PBXFileReference; lastKnownFileType = sourcecode.swift; path = ProfileView.swift; sourceTree = "<group>"; };
		7EC1A99629BBBCD800B8734F /* ProfileContentView.swift */ = {isa = PBXFileReference; lastKnownFileType = sourcecode.swift; path = ProfileContentView.swift; sourceTree = "<group>"; };
/* End PBXFileReference section */

/* Begin PBXFrameworksBuildPhase section */
		7EB5D76529BA13EA0071C61B /* Frameworks */ = {
			isa = PBXFrameworksBuildPhase;
			buildActionMask = 2147483647;
			files = (
				7EC1A99A29BBBF5B00B8734F /* SDWebImageSwiftUI in Frameworks */,
				7EB5D77D29BA21480071C61B /* FirebaseAuth in Frameworks */,
				7EB5D78D29BA8B740071C61B /* FirebaseStorage in Frameworks */,
				7EB5D78929BA8B740071C61B /* FirebaseFirestore in Frameworks */,
				7EB5D78B29BA8B740071C61B /* FirebaseFirestoreSwift in Frameworks */,
			);
			runOnlyForDeploymentPostprocessing = 0;
		};
/* End PBXFrameworksBuildPhase section */

/* Begin PBXGroup section */
		7EB5D75F29BA13EA0071C61B = {
			isa = PBXGroup;
			children = (
				7EB5D76A29BA13EA0071C61B /* SocialMedia */,
				7EB5D76929BA13EA0071C61B /* Products */,
				7EB5D78729BA8B740071C61B /* Frameworks */,
			);
			sourceTree = "<group>";
		};
		7EB5D76929BA13EA0071C61B /* Products */ = {
			isa = PBXGroup;
			children = (
				7EB5D76829BA13EA0071C61B /* SocialMedia.app */,
			);
			name = Products;
			sourceTree = "<group>";
		};
		7EB5D76A29BA13EA0071C61B /* SocialMedia */ = {
			isa = PBXGroup;
			children = (
				7EB5D78429BA70370071C61B /* Helpers */,
				7EB5D77F29BA21780071C61B /* Model */,
				7EB5D77E29BA216F0071C61B /* View */,
				7EB5D77929BA1F580071C61B /* GoogleService-Info.plist */,
				7EB5D76B29BA13EA0071C61B /* SocialMediaApp.swift */,
				7EB5D76F29BA13EC0071C61B /* Assets.xcassets */,
				7EB5D77129BA13EC0071C61B /* Preview Content */,
			);
			path = SocialMedia;
			sourceTree = "<group>";
		};
		7EB5D77129BA13EC0071C61B /* Preview Content */ = {
			isa = PBXGroup;
			children = (
				7EB5D77229BA13EC0071C61B /* Preview Assets.xcassets */,
			);
			path = "Preview Content";
			sourceTree = "<group>";
		};
		7EB5D77E29BA216F0071C61B /* View */ = {
			isa = PBXGroup;
			children = (
				7EB5D76D29BA13EA0071C61B /* ContentView.swift */,
				7EB5D78029BA21A90071C61B /* LoginView.swift */,
				7EB5D78229BA6E0F0071C61B /* RegisterView.swift */,
				7E79263329BB2C2D00BAF4A2 /* LoadingView.swift */,
				7EC1A99229BB7CEC00B8734F /* HomeView.swift */,
				7E7597B529BCA62F00DD8F47 /* PostsView.swift */,
				7EC1A99429BB9BFE00B8734F /* ProfileView.swift */,
				7EC1A99629BBBCD800B8734F /* ProfileContentView.swift */,
				7E7597B129BC7CE000DD8F47 /* CreateNewPostView.swift */,
			);
			path = View;
			sourceTree = "<group>";
		};
		7EB5D77F29BA21780071C61B /* Model */ = {
			isa = PBXGroup;
			children = (
				7EB5D78E29BA8F870071C61B /* UserModel.swift */,
				7E7597B329BC7D8200DD8F47 /* PostModel.swift */,
			);
			path = Model;
			sourceTree = "<group>";
		};
		7EB5D78429BA70370071C61B /* Helpers */ = {
			isa = PBXGroup;
			children = (
				7EB5D78529BA70490071C61B /* Extensions.swift */,
			);
			path = Helpers;
			sourceTree = "<group>";
		};
		7EB5D78729BA8B740071C61B /* Frameworks */ = {
			isa = PBXGroup;
			children = (
			);
			name = Frameworks;
			sourceTree = "<group>";
		};
/* End PBXGroup section */

/* Begin PBXNativeTarget section */
		7EB5D76729BA13EA0071C61B /* SocialMedia */ = {
			isa = PBXNativeTarget;
			buildConfigurationList = 7EB5D77629BA13EC0071C61B /* Build configuration list for PBXNativeTarget "SocialMedia" */;
			buildPhases = (
				7EB5D76429BA13EA0071C61B /* Sources */,
				7EB5D76529BA13EA0071C61B /* Frameworks */,
				7EB5D76629BA13EA0071C61B /* Resources */,
			);
			buildRules = (
			);
			dependencies = (
			);
			name = SocialMedia;
			packageProductDependencies = (
				7EB5D77C29BA21480071C61B /* FirebaseAuth */,
				7EB5D78829BA8B740071C61B /* FirebaseFirestore */,
				7EB5D78A29BA8B740071C61B /* FirebaseFirestoreSwift */,
				7EB5D78C29BA8B740071C61B /* FirebaseStorage */,
				7EC1A99929BBBF5B00B8734F /* SDWebImageSwiftUI */,
			);
			productName = SocialMedia;
			productReference = 7EB5D76829BA13EA0071C61B /* SocialMedia.app */;
			productType = "com.apple.product-type.application";
		};
/* End PBXNativeTarget section */

/* Begin PBXProject section */
		7EB5D76029BA13EA0071C61B /* Project object */ = {
			isa = PBXProject;
			attributes = {
				BuildIndependentTargetsInParallel = 1;
				LastSwiftUpdateCheck = 1420;
				LastUpgradeCheck = 1420;
				TargetAttributes = {
					7EB5D76729BA13EA0071C61B = {
						CreatedOnToolsVersion = 14.2;
					};
				};
			};
			buildConfigurationList = 7EB5D76329BA13EA0071C61B /* Build configuration list for PBXProject "SocialMedia" */;
			compatibilityVersion = "Xcode 14.0";
			developmentRegion = en;
			hasScannedForEncodings = 0;
			knownRegions = (
				en,
				Base,
			);
			mainGroup = 7EB5D75F29BA13EA0071C61B;
			packageReferences = (
				7EB5D77B29BA21480071C61B /* XCRemoteSwiftPackageReference "firebase-ios-sdk" */,
				7EC1A99829BBBF5B00B8734F /* XCRemoteSwiftPackageReference "SDWebImageSwiftUI" */,
			);
			productRefGroup = 7EB5D76929BA13EA0071C61B /* Products */;
			projectDirPath = "";
			projectRoot = "";
			targets = (
				7EB5D76729BA13EA0071C61B /* SocialMedia */,
			);
		};
/* End PBXProject section */

/* Begin PBXResourcesBuildPhase section */
		7EB5D76629BA13EA0071C61B /* Resources */ = {
			isa = PBXResourcesBuildPhase;
			buildActionMask = 2147483647;
			files = (
				7EB5D77329BA13EC0071C61B /* Preview Assets.xcassets in Resources */,
				7EB5D77029BA13EC0071C61B /* Assets.xcassets in Resources */,
				7EB5D77A29BA1F580071C61B /* GoogleService-Info.plist in Resources */,
			);
			runOnlyForDeploymentPostprocessing = 0;
		};
/* End PBXResourcesBuildPhase section */

/* Begin PBXSourcesBuildPhase section */
		7EB5D76429BA13EA0071C61B /* Sources */ = {
			isa = PBXSourcesBuildPhase;
			buildActionMask = 2147483647;
			files = (
				7EB5D78629BA70490071C61B /* Extensions.swift in Sources */,
				7E7597B429BC7D8200DD8F47 /* PostModel.swift in Sources */,
				7E7597B229BC7CE000DD8F47 /* CreateNewPostView.swift in Sources */,
				7EC1A99529BB9BFE00B8734F /* ProfileView.swift in Sources */,
				7EC1A99729BBBCD800B8734F /* ProfileContentView.swift in Sources */,
				7EB5D78129BA21A90071C61B /* LoginView.swift in Sources */,
				7EB5D78329BA6E0F0071C61B /* RegisterView.swift in Sources */,
				7EB5D76E29BA13EA0071C61B /* ContentView.swift in Sources */,
				7EB5D78F29BA8F870071C61B /* UserModel.swift in Sources */,
				7E7597B629BCA62F00DD8F47 /* PostsView.swift in Sources */,
				7EC1A99329BB7CEC00B8734F /* HomeView.swift in Sources */,
				7E79263429BB2C2D00BAF4A2 /* LoadingView.swift in Sources */,
				7EB5D76C29BA13EA0071C61B /* SocialMediaApp.swift in Sources */,
			);
			runOnlyForDeploymentPostprocessing = 0;
		};
/* End PBXSourcesBuildPhase section */

/* Begin XCBuildConfiguration section */
		7EB5D77429BA13EC0071C61B /* Debug */ = {
			isa = XCBuildConfiguration;
			buildSettings = {
				ALWAYS_SEARCH_USER_PATHS = NO;
				CLANG_ANALYZER_NONNULL = YES;
				CLANG_ANALYZER_NUMBER_OBJECT_CONVERSION = YES_AGGRESSIVE;
				CLANG_CXX_LANGUAGE_STANDARD = "gnu++20";
				CLANG_ENABLE_MODULES = YES;
				CLANG_ENABLE_OBJC_ARC = YES;
				CLANG_ENABLE_OBJC_WEAK = YES;
				CLANG_WARN_BLOCK_CAPTURE_AUTORELEASING = YES;
				CLANG_WARN_BOOL_CONVERSION = YES;
				CLANG_WARN_COMMA = YES;
				CLANG_WARN_CONSTANT_CONVERSION = YES;
				CLANG_WARN_DEPRECATED_OBJC_IMPLEMENTATIONS = YES;
				CLANG_WARN_DIRECT_OBJC_ISA_USAGE = YES_ERROR;
				CLANG_WARN_DOCUMENTATION_COMMENTS = YES;
				CLANG_WARN_EMPTY_BODY = YES;
				CLANG_WARN_ENUM_CONVERSION = YES;
				CLANG_WARN_INFINITE_RECURSION = YES;
				CLANG_WARN_INT_CONVERSION = YES;
				CLANG_WARN_NON_LITERAL_NULL_CONVERSION = YES;
				CLANG_WARN_OBJC_IMPLICIT_RETAIN_SELF = YES;
				CLANG_WARN_OBJC_LITERAL_CONVERSION = YES;
				CLANG_WARN_OBJC_ROOT_CLASS = YES_ERROR;
				CLANG_WARN_QUOTED_INCLUDE_IN_FRAMEWORK_HEADER = YES;
				CLANG_WARN_RANGE_LOOP_ANALYSIS = YES;
				CLANG_WARN_STRICT_PROTOTYPES = YES;
				CLANG_WARN_SUSPICIOUS_MOVE = YES;
				CLANG_WARN_UNGUARDED_AVAILABILITY = YES_AGGRESSIVE;
				CLANG_WARN_UNREACHABLE_CODE = YES;
				CLANG_WARN__DUPLICATE_METHOD_MATCH = YES;
				COPY_PHASE_STRIP = NO;
				DEBUG_INFORMATION_FORMAT = dwarf;
				ENABLE_STRICT_OBJC_MSGSEND = YES;
				ENABLE_TESTABILITY = YES;
				GCC_C_LANGUAGE_STANDARD = gnu11;
				GCC_DYNAMIC_NO_PIC = NO;
				GCC_NO_COMMON_BLOCKS = YES;
				GCC_OPTIMIZATION_LEVEL = 0;
				GCC_PREPROCESSOR_DEFINITIONS = (
					"DEBUG=1",
					"$(inherited)",
				);
				GCC_WARN_64_TO_32_BIT_CONVERSION = YES;
				GCC_WARN_ABOUT_RETURN_TYPE = YES_ERROR;
				GCC_WARN_UNDECLARED_SELECTOR = YES;
				GCC_WARN_UNINITIALIZED_AUTOS = YES_AGGRESSIVE;
				GCC_WARN_UNUSED_FUNCTION = YES;
				GCC_WARN_UNUSED_VARIABLE = YES;
				IPHONEOS_DEPLOYMENT_TARGET = 16.2;
				MTL_ENABLE_DEBUG_INFO = INCLUDE_SOURCE;
				MTL_FAST_MATH = YES;
				ONLY_ACTIVE_ARCH = YES;
				SDKROOT = iphoneos;
				SWIFT_ACTIVE_COMPILATION_CONDITIONS = DEBUG;
				SWIFT_OPTIMIZATION_LEVEL = "-Onone";
			};
			name = Debug;
		};
		7EB5D77529BA13EC0071C61B /* Release */ = {
			isa = XCBuildConfiguration;
			buildSettings = {
				ALWAYS_SEARCH_USER_PATHS = NO;
				CLANG_ANALYZER_NONNULL = YES;
				CLANG_ANALYZER_NUMBER_OBJECT_CONVERSION = YES_AGGRESSIVE;
				CLANG_CXX_LANGUAGE_STANDARD = "gnu++20";
				CLANG_ENABLE_MODULES = YES;
				CLANG_ENABLE_OBJC_ARC = YES;
				CLANG_ENABLE_OBJC_WEAK = YES;
				CLANG_WARN_BLOCK_CAPTURE_AUTORELEASING = YES;
				CLANG_WARN_BOOL_CONVERSION = YES;
				CLANG_WARN_COMMA = YES;
				CLANG_WARN_CONSTANT_CONVERSION = YES;
				CLANG_WARN_DEPRECATED_OBJC_IMPLEMENTATIONS = YES;
				CLANG_WARN_DIRECT_OBJC_ISA_USAGE = YES_ERROR;
				CLANG_WARN_DOCUMENTATION_COMMENTS = YES;
				CLANG_WARN_EMPTY_BODY = YES;
				CLANG_WARN_ENUM_CONVERSION = YES;
				CLANG_WARN_INFINITE_RECURSION = YES;
				CLANG_WARN_INT_CONVERSION = YES;
				CLANG_WARN_NON_LITERAL_NULL_CONVERSION = YES;
				CLANG_WARN_OBJC_IMPLICIT_RETAIN_SELF = YES;
				CLANG_WARN_OBJC_LITERAL_CONVERSION = YES;
				CLANG_WARN_OBJC_ROOT_CLASS = YES_ERROR;
				CLANG_WARN_QUOTED_INCLUDE_IN_FRAMEWORK_HEADER = YES;
				CLANG_WARN_RANGE_LOOP_ANALYSIS = YES;
				CLANG_WARN_STRICT_PROTOTYPES = YES;
				CLANG_WARN_SUSPICIOUS_MOVE = YES;
				CLANG_WARN_UNGUARDED_AVAILABILITY = YES_AGGRESSIVE;
				CLANG_WARN_UNREACHABLE_CODE = YES;
				CLANG_WARN__DUPLICATE_METHOD_MATCH = YES;
				COPY_PHASE_STRIP = NO;
				DEBUG_INFORMATION_FORMAT = "dwarf-with-dsym";
				ENABLE_NS_ASSERTIONS = NO;
				ENABLE_STRICT_OBJC_MSGSEND = YES;
				GCC_C_LANGUAGE_STANDARD = gnu11;
				GCC_NO_COMMON_BLOCKS = YES;
				GCC_WARN_64_TO_32_BIT_CONVERSION = YES;
				GCC_WARN_ABOUT_RETURN_TYPE = YES_ERROR;
				GCC_WARN_UNDECLARED_SELECTOR = YES;
				GCC_WARN_UNINITIALIZED_AUTOS = YES_AGGRESSIVE;
				GCC_WARN_UNUSED_FUNCTION = YES;
				GCC_WARN_UNUSED_VARIABLE = YES;
				IPHONEOS_DEPLOYMENT_TARGET = 16.2;
				MTL_ENABLE_DEBUG_INFO = NO;
				MTL_FAST_MATH = YES;
				SDKROOT = iphoneos;
				SWIFT_COMPILATION_MODE = wholemodule;
				SWIFT_OPTIMIZATION_LEVEL = "-O";
				VALIDATE_PRODUCT = YES;
			};
			name = Release;
		};
		7EB5D77729BA13EC0071C61B /* Debug */ = {
			isa = XCBuildConfiguration;
			buildSettings = {
				ASSETCATALOG_COMPILER_APPICON_NAME = AppIcon;
				ASSETCATALOG_COMPILER_GLOBAL_ACCENT_COLOR_NAME = AccentColor;
				CODE_SIGN_STYLE = Automatic;
				CURRENT_PROJECT_VERSION = 1;
				DEVELOPMENT_ASSET_PATHS = "\"SocialMedia/Preview Content\"";
				DEVELOPMENT_TEAM = K9Q3UG34P4;
				ENABLE_PREVIEWS = YES;
				GENERATE_INFOPLIST_FILE = YES;
				INFOPLIST_KEY_UIApplicationSceneManifest_Generation = YES;
				INFOPLIST_KEY_UIApplicationSupportsIndirectInputEvents = YES;
				INFOPLIST_KEY_UILaunchScreen_Generation = YES;
				INFOPLIST_KEY_UISupportedInterfaceOrientations_iPad = "UIInterfaceOrientationPortrait UIInterfaceOrientationPortraitUpsideDown UIInterfaceOrientationLandscapeLeft UIInterfaceOrientationLandscapeRight";
				INFOPLIST_KEY_UISupportedInterfaceOrientations_iPhone = "UIInterfaceOrientationPortrait UIInterfaceOrientationLandscapeLeft UIInterfaceOrientationLandscapeRight";
				LD_RUNPATH_SEARCH_PATHS = (
					"$(inherited)",
					"@executable_path/Frameworks",
				);
				MARKETING_VERSION = 1.0;
				PRODUCT_BUNDLE_IDENTIFIER = manuchim.SocialMedia;
				PRODUCT_NAME = "$(TARGET_NAME)";
				SWIFT_EMIT_LOC_STRINGS = YES;
				SWIFT_VERSION = 5.0;
				TARGETED_DEVICE_FAMILY = "1,2";
			};
			name = Debug;
		};
		7EB5D77829BA13EC0071C61B /* Release */ = {
			isa = XCBuildConfiguration;
			buildSettings = {
				ASSETCATALOG_COMPILER_APPICON_NAME = AppIcon;
				ASSETCATALOG_COMPILER_GLOBAL_ACCENT_COLOR_NAME = AccentColor;
				CODE_SIGN_STYLE = Automatic;
				CURRENT_PROJECT_VERSION = 1;
				DEVELOPMENT_ASSET_PATHS = "\"SocialMedia/Preview Content\"";
				DEVELOPMENT_TEAM = K9Q3UG34P4;
				ENABLE_PREVIEWS = YES;
				GENERATE_INFOPLIST_FILE = YES;
				INFOPLIST_KEY_UIApplicationSceneManifest_Generation = YES;
				INFOPLIST_KEY_UIApplicationSupportsIndirectInputEvents = YES;
				INFOPLIST_KEY_UILaunchScreen_Generation = YES;
				INFOPLIST_KEY_UISupportedInterfaceOrientations_iPad = "UIInterfaceOrientationPortrait UIInterfaceOrientationPortraitUpsideDown UIInterfaceOrientationLandscapeLeft UIInterfaceOrientationLandscapeRight";
				INFOPLIST_KEY_UISupportedInterfaceOrientations_iPhone = "UIInterfaceOrientationPortrait UIInterfaceOrientationLandscapeLeft UIInterfaceOrientationLandscapeRight";
				LD_RUNPATH_SEARCH_PATHS = (
					"$(inherited)",
					"@executable_path/Frameworks",
				);
				MARKETING_VERSION = 1.0;
				PRODUCT_BUNDLE_IDENTIFIER = manuchim.SocialMedia;
				PRODUCT_NAME = "$(TARGET_NAME)";
				SWIFT_EMIT_LOC_STRINGS = YES;
				SWIFT_VERSION = 5.0;
				TARGETED_DEVICE_FAMILY = "1,2";
			};
			name = Release;
		};
/* End XCBuildConfiguration section */

/* Begin XCConfigurationList section */
		7EB5D76329BA13EA0071C61B /* Build configuration list for PBXProject "SocialMedia" */ = {
			isa = XCConfigurationList;
			buildConfigurations = (
				7EB5D77429BA13EC0071C61B /* Debug */,
				7EB5D77529BA13EC0071C61B /* Release */,
			);
			defaultConfigurationIsVisible = 0;
			defaultConfigurationName = Release;
		};
		7EB5D77629BA13EC0071C61B /* Build configuration list for PBXNativeTarget "SocialMedia" */ = {
			isa = XCConfigurationList;
			buildConfigurations = (
				7EB5D77729BA13EC0071C61B /* Debug */,
				7EB5D77829BA13EC0071C61B /* Release */,
			);
			defaultConfigurationIsVisible = 0;
			defaultConfigurationName = Release;
		};
/* End XCConfigurationList section */

/* Begin XCRemoteSwiftPackageReference section */
		7EB5D77B29BA21480071C61B /* XCRemoteSwiftPackageReference "firebase-ios-sdk" */ = {
			isa = XCRemoteSwiftPackageReference;
			repositoryURL = "https://github.com/firebase/firebase-ios-sdk";
			requirement = {
				kind = upToNextMajorVersion;
				minimumVersion = 9.0.0;
			};
		};
		7EC1A99829BBBF5B00B8734F /* XCRemoteSwiftPackageReference "SDWebImageSwiftUI" */ = {
			isa = XCRemoteSwiftPackageReference;
			repositoryURL = "https://github.com/SDWebImage/SDWebImageSwiftUI.git";
			requirement = {
				kind = upToNextMajorVersion;
				minimumVersion = 2.0.0;
			};
		};
/* End XCRemoteSwiftPackageReference section */

/* Begin XCSwiftPackageProductDependency section */
		7EB5D77C29BA21480071C61B /* FirebaseAuth */ = {
			isa = XCSwiftPackageProductDependency;
			package = 7EB5D77B29BA21480071C61B /* XCRemoteSwiftPackageReference "firebase-ios-sdk" */;
			productName = FirebaseAuth;
		};
		7EB5D78829BA8B740071C61B /* FirebaseFirestore */ = {
			isa = XCSwiftPackageProductDependency;
			package = 7EB5D77B29BA21480071C61B /* XCRemoteSwiftPackageReference "firebase-ios-sdk" */;
			productName = FirebaseFirestore;
		};
		7EB5D78A29BA8B740071C61B /* FirebaseFirestoreSwift */ = {
			isa = XCSwiftPackageProductDependency;
			package = 7EB5D77B29BA21480071C61B /* XCRemoteSwiftPackageReference "firebase-ios-sdk" */;
			productName = FirebaseFirestoreSwift;
		};
		7EB5D78C29BA8B740071C61B /* FirebaseStorage */ = {
			isa = XCSwiftPackageProductDependency;
			package = 7EB5D77B29BA21480071C61B /* XCRemoteSwiftPackageReference "firebase-ios-sdk" */;
			productName = FirebaseStorage;
		};
		7EC1A99929BBBF5B00B8734F /* SDWebImageSwiftUI */ = {
			isa = XCSwiftPackageProductDependency;
			package = 7EC1A99829BBBF5B00B8734F /* XCRemoteSwiftPackageReference "SDWebImageSwiftUI" */;
			productName = SDWebImageSwiftUI;
		};
/* End XCSwiftPackageProductDependency section */
	};
	rootObject = 7EB5D76029BA13EA0071C61B /* Project object */;
}
